
Microsoft Visual Studio Solution File, Format Version 12.00
# Visual Studio Version 17
VisualStudioVersion = 17.0.31815.197
MinimumVisualStudioVersion = 10.0.40219.1
Project("{2150E333-8FDC-42A3-9474-1A3956D46DE8}") = "Web", "Web", "{72FAFC3B-CFBE-4683-A322-4908459D7EA3}"
EndProject
Project("{2150E333-8FDC-42A3-9474-1A3956D46DE8}") = "Repository", "Repository", "{5998060E-B57D-4F9F-B847-CD40C159F3FB}"
EndProject
Project("{9A19103F-16F7-4668-BE54-9A1E7A4F7556}") = "ELibrary.Service", "ELibrary.Service\ELibrary.Service.csproj", "{3AB3DAA4-8AA5-4869-89AB-C0130C274AE8}"
EndProject
Project("{9A19103F-16F7-4668-BE54-9A1E7A4F7556}") = "ELibrary.Data", "ELibrary.Data\ELibrary.Data.csproj", "{2E390292-D8D6-4934-AC0D-52DB7A70C88D}"
EndProject
Project("{9A19103F-16F7-4668-BE54-9A1E7A4F7556}") = "ELibrary.Core", "ELibrary.Core\ELibrary.Core.csproj", "{AC23955C-B899-4F38-86CD-A988EF025CAF}"
EndProject
Project("{9A19103F-16F7-4668-BE54-9A1E7A4F7556}") = "ELibrary.Utility", "ELibrary.Utility\ELibrary.Utility.csproj", "{D047E147-BA11-470A-AEDB-FEA4863AD963}"
EndProject
Project("{9A19103F-16F7-4668-BE54-9A1E7A4F7556}") = "ELibrary", "ELibrary\ELibrary.csproj", "{AEEB0B5F-5A69-47FD-8D96-024CA0C345F5}"
EndProject
Project("{9A19103F-16F7-4668-BE54-9A1E7A4F7556}") = "ELibrary.ViewModel", "ELibrary.ViewModel\ELibrary.ViewModel.csproj", "{C4960633-6944-4141-AFED-6B2989EE518B}"
EndProject
Project("{2150E333-8FDC-42A3-9474-1A3956D46DE8}") = "Utilities", "Utilities", "{D7FD97CC-F194-4559-9D2A-B04AE52964D0}"
EndProject
Global
	GlobalSection(SolutionConfigurationPlatforms) = preSolution
		Debug|Any CPU = Debug|Any CPU
		Release|Any CPU = Release|Any CPU
	EndGlobalSection
	GlobalSection(ProjectConfigurationPlatforms) = postSolution
		{3AB3DAA4-8AA5-4869-89AB-C0130C274AE8}.Debug|Any CPU.ActiveCfg = Debug|Any CPU
		{3AB3DAA4-8AA5-4869-89AB-C0130C274AE8}.Debug|Any CPU.Build.0 = Debug|Any CPU
		{3AB3DAA4-8AA5-4869-89AB-C0130C274AE8}.Release|Any CPU.ActiveCfg = Release|Any CPU
		{3AB3DAA4-8AA5-4869-89AB-C0130C274AE8}.Release|Any CPU.Build.0 = Release|Any CPU
		{2E390292-D8D6-4934-AC0D-52DB7A70C88D}.Debug|Any CPU.ActiveCfg = Debug|Any CPU
		{2E390292-D8D6-4934-AC0D-52DB7A70C88D}.Debug|Any CPU.Build.0 = Debug|Any CPU
		{2E390292-D8D6-4934-AC0D-52DB7A70C88D}.Release|Any CPU.ActiveCfg = Release|Any CPU
		{2E390292-D8D6-4934-AC0D-52DB7A70C88D}.Release|Any CPU.Build.0 = Release|Any CPU
		{AC23955C-B899-4F38-86CD-A988EF025CAF}.Debug|Any CPU.ActiveCfg = Debug|Any CPU
		{AC23955C-B899-4F38-86CD-A988EF025CAF}.Debug|Any CPU.Build.0 = Debug|Any CPU
		{AC23955C-B899-4F38-86CD-A988EF025CAF}.Release|Any CPU.ActiveCfg = Release|Any CPU
		{AC23955C-B899-4F38-86CD-A988EF025CAF}.Release|Any CPU.Build.0 = Release|Any CPU
		{D047E147-BA11-470A-AEDB-FEA4863AD963}.Debug|Any CPU.ActiveCfg = Debug|Any CPU
		{D047E147-BA11-470A-AEDB-FEA4863AD963}.Debug|Any CPU.Build.0 = Debug|Any CPU
		{D047E147-BA11-470A-AEDB-FEA4863AD963}.Release|Any CPU.ActiveCfg = Release|Any CPU
		{D047E147-BA11-470A-AEDB-FEA4863AD963}.Release|Any CPU.Build.0 = Release|Any CPU
		{AEEB0B5F-5A69-47FD-8D96-024CA0C345F5}.Debug|Any CPU.ActiveCfg = Debug|Any CPU
		{AEEB0B5F-5A69-47FD-8D96-024CA0C345F5}.Debug|Any CPU.Build.0 = Debug|Any CPU
		{AEEB0B5F-5A69-47FD-8D96-024CA0C345F5}.Release|Any CPU.ActiveCfg = Release|Any CPU
		{AEEB0B5F-5A69-47FD-8D96-024CA0C345F5}.Release|Any CPU.Build.0 = Release|Any CPU
		{C4960633-6944-4141-AFED-6B2989EE518B}.Debug|Any CPU.ActiveCfg = Debug|Any CPU
		{C4960633-6944-4141-AFED-6B2989EE518B}.Debug|Any CPU.Build.0 = Debug|Any CPU
		{C4960633-6944-4141-AFED-6B2989EE518B}.Release|Any CPU.ActiveCfg = Release|Any CPU
		{C4960633-6944-4141-AFED-6B2989EE518B}.Release|Any CPU.Build.0 = Release|Any CPU
	EndGlobalSection
	GlobalSection(SolutionProperties) = preSolution
		HideSolutionNode = FALSE
	EndGlobalSection
	GlobalSection(NestedProjects) = preSolution
		{3AB3DAA4-8AA5-4869-89AB-C0130C274AE8} = {5998060E-B57D-4F9F-B847-CD40C159F3FB}
		{2E390292-D8D6-4934-AC0D-52DB7A70C88D} = {5998060E-B57D-4F9F-B847-CD40C159F3FB}
		{AC23955C-B899-4F38-86CD-A988EF025CAF} = {5998060E-B57D-4F9F-B847-CD40C159F3FB}
		{D047E147-BA11-470A-AEDB-FEA4863AD963} = {D7FD97CC-F194-4559-9D2A-B04AE52964D0}
		{AEEB0B5F-5A69-47FD-8D96-024CA0C345F5} = {72FAFC3B-CFBE-4683-A322-4908459D7EA3}
		{C4960633-6944-4141-AFED-6B2989EE518B} = {5998060E-B57D-4F9F-B847-CD40C159F3FB}
	EndGlobalSection
	GlobalSection(ExtensibilityGlobals) = postSolution
		SolutionGuid = {C7FFC707-8427-40FA-A9E8-01D7CDEBFE4D}
	EndGlobalSection
EndGlobal
